{
  "name": "brooklyn-docs",
  "version": "0.13.0",
  "lockfileVersion": 1,
  "requires": true,
  "dependencies": {
    "gitbook-plugin-include-highlight": {
      "version": "0.2.1",
      "resolved": "https://registry.npmjs.org/gitbook-plugin-include-highlight/-/gitbook-plugin-include-highlight-0.2.1.tgz",
      "integrity": "sha1-9LC6uZLCKComPemTbobUb6/rsVU=",
      "dev": true,
      "requires": {
        "path": "0.12.7",
        "q": "1.5.0"
      }
    },
    "inherits": {
      "version": "2.0.1",
      "resolved": "https://registry.npmjs.org/inherits/-/inherits-2.0.1.tgz",
      "integrity": "sha1-sX0I0ya0Qj5Wjv9xn5GwscvfafE=",
      "dev": true
    },
    "path": {
      "version": "0.12.7",
      "resolved": "https://registry.npmjs.org/path/-/path-0.12.7.tgz",
      "integrity": "sha1-1NwqUGxM4hl+tIHr/NWzbAFAsQ8=",
      "dev": true,
      "requires": {
        "process": "0.11.10",
        "util": "0.10.3"
      }
    },
    "process": {
      "version": "0.11.10",
      "resolved": "https://registry.npmjs.org/process/-/process-0.11.10.tgz",
      "integrity": "sha1-czIwDoQBYb2j5podHZGn1LwW8YI=",
      "dev": true
    },
    "q": {
      "version": "1.5.0",
      "resolved": "https://registry.npmjs.org/q/-/q-1.5.0.tgz",
      "integrity": "sha1-3QG6ydBtMObyGa7LglPunr3DCPE=",
      "dev": true
    },
    "util": {
      "version": "0.10.3",
      "resolved": "https://registry.npmjs.org/util/-/util-0.10.3.tgz",
      "integrity": "sha1-evsa/lCAUkZInj23/g7TeTNqwPk=",
      "dev": true,
      "requires": {
        "inherits": "2.0.1"
      }
    }
  }
}
